
Microsoft Visual Studio Solution File, Format Version 12.00
# Visual Studio 15
VisualStudioVersion = 15.0.27703.2035
MinimumVisualStudioVersion = 10.0.40219.1
Project("{FAE04EC0-301F-11D3-BF4B-00C04F79EFBC}") = "HashApp", "HashApp\HashApp.csproj", "{38D0A6DB-5043-4C97-8956-6694F58E18EB}"
EndProject
Global
	GlobalSection(SolutionConfigurationPlatforms) = preSolution
		Debug|Any CPU = Debug|Any CPU
		Release|Any CPU = Release|Any CPU
	EndGlobalSection
	GlobalSection(ProjectConfigurationPlatforms) = postSolution
		{38D0A6DB-5043-4C97-8956-6694F58E18EB}.Debug|Any CPU.ActiveCfg = Debug|Any CPU
		{38D0A6DB-5043-4C97-8956-6694F58E18EB}.Debug|Any CPU.Build.0 = Debug|Any CPU
		{38D0A6DB-5043-4C97-8956-6694F58E18EB}.Release|Any CPU.ActiveCfg = Release|Any CPU
		{38D0A6DB-5043-4C97-8956-6694F58E18EB}.Release|Any CPU.Build.0 = Release|Any CPU
	EndGlobalSection
	GlobalSection(SolutionProperties) = preSolution
		HideSolutionNode = FALSE
	EndGlobalSection
	GlobalSection(ExtensibilityGlobals) = postSolution
		SolutionGuid = {1BBB3DB7-280E-4051-9D1F-C47212FB532B}
	EndGlobalSection
EndGlobal
